
Microsoft Visual Studio Solution File, Format Version 12.00
# Visual Studio 2015
Project("{FAE04EC0-301F-11D3-BF4B-00C04F79EFBC}") = "RogueLike For Unity.CSharp", "RogueLike For Unity.CSharp.csproj", "{7DA6A462-89C8-EA20-3127-8DA2B73EB08F}"
EndProject
Global
	GlobalSection(SolutionConfigurationPlatforms) = preSolution
		Debug|Any CPU = Debug|Any CPU
		Release|Any CPU = Release|Any CPU
	EndGlobalSection
	GlobalSection(ProjectConfigurationPlatforms) = postSolution
		{7DA6A462-89C8-EA20-3127-8DA2B73EB08F}.Debug|Any CPU.ActiveCfg = Debug|Any CPU
		{7DA6A462-89C8-EA20-3127-8DA2B73EB08F}.Debug|Any CPU.Build.0 = Debug|Any CPU
		{7DA6A462-89C8-EA20-3127-8DA2B73EB08F}.Release|Any CPU.ActiveCfg = Release|Any CPU
		{7DA6A462-89C8-EA20-3127-8DA2B73EB08F}.Release|Any CPU.Build.0 = Release|Any CPU
	EndGlobalSection
	GlobalSection(SolutionProperties) = preSolution
		HideSolutionNode = FALSE
	EndGlobalSection
EndGlobal
